# Generated by pub
# See https://dart.dev/tools/pub/glossary#lockfile
packages:
  asn1lib:
    dependency: transitive
    description:
      name: asn1lib
      sha256: b74e3842a52c61f8819a1ec8444b4de5419b41a7465e69d4aa681445377398b0
      url: "https://pub.dev"
    source: hosted
    version: "1.4.1"
  async:
    dependency: transitive
    description:
      name: async
      sha256: "947bfcf187f74dbc5e146c9eb9c0f10c9f8b30743e341481c1e2ed3ecc18c20c"
      url: "https://pub.dev"
    source: hosted
    version: "2.11.0"
  binary:
    dependency: transitive
    description:
      name: binary
      sha256: e40eff285745e241c25b21a464b1437cbf56bad99c681de3783ff36fad52b707
      url: "https://pub.dev"
    source: hosted
    version: "3.0.1"
  bitsdojo_window:
    dependency: "direct main"
    description:
      name: bitsdojo_window
      sha256: "1118bc1cd16e6f358431ca4473af57cc1b287d2ceab46dfab6d59a9463160622"
      url: "https://pub.dev"
    source: hosted
    version: "0.1.5"
  bitsdojo_window_linux:
    dependency: transitive
    description:
      name: bitsdojo_window_linux
      sha256: d3804a30315fcbb43b28acc86d1180ce0be22c0c738ad2da9e5ade4d8dbd9655
      url: "https://pub.dev"
    source: hosted
    version: "0.1.3"
  bitsdojo_window_macos:
    dependency: transitive
    description:
      name: bitsdojo_window_macos
      sha256: d2a9886c74516c5b84c1dd65ab8ee5d1c52055b265ebf0e7d664dee28366b521
      url: "https://pub.dev"
    source: hosted
    version: "0.1.3"
  bitsdojo_window_platform_interface:
    dependency: transitive
    description:
      name: bitsdojo_window_platform_interface
      sha256: "65daa015a0c6dba749bdd35a0f092e7a8ba8b0766aa0480eb3ef808086f6e27c"
      url: "https://pub.dev"
    source: hosted
    version: "0.1.2"
  bitsdojo_window_windows:
    dependency: transitive
    description:
      name: bitsdojo_window_windows
      sha256: "8766a40aac84a6d7bdcaa716b24997e028fc9a9a1800495fc031721fd5a22ed0"
      url: "https://pub.dev"
    source: hosted
    version: "0.1.5"
  boolean_selector:
    dependency: transitive
    description:
      name: boolean_selector
      sha256: "6cfb5af12253eaf2b368f07bacc5a80d1301a071c73360d746b7f2e32d762c66"
      url: "https://pub.dev"
    source: hosted
    version: "2.1.1"
  characters:
    dependency: transitive
    description:
      name: characters
      sha256: "04a925763edad70e8443c99234dc3328f442e811f1d8fd1a72f1c8ad0f69a605"
      url: "https://pub.dev"
    source: hosted
    version: "1.3.0"
  clock:
    dependency: transitive
    description:
      name: clock
      sha256: cb6d7f03e1de671e34607e909a7213e31d7752be4fb66a86d29fe1eb14bfb5cf
      url: "https://pub.dev"
    source: hosted
    version: "1.1.1"
  collection:
    dependency: transitive
    description:
      name: collection
      sha256: "4a07be6cb69c84d677a6c3096fcf960cc3285a8330b4603e0d463d15d9bd934c"
      url: "https://pub.dev"
    source: hosted
    version: "1.17.1"
  convert:
    dependency: transitive
    description:
      name: convert
      sha256: "0f08b14755d163f6e2134cb58222dd25ea2a2ee8a195e53983d57c075324d592"
      url: "https://pub.dev"
    source: hosted
    version: "3.1.1"
  cupertino_icons:
    dependency: "direct main"
    description:
      name: cupertino_icons
      sha256: e35129dc44c9118cee2a5603506d823bab99c68393879edb440e0090d07586be
      url: "https://pub.dev"
    source: hosted
    version: "1.0.5"
  dart_des:
    dependency: transitive
    description:
      name: dart_des
      sha256: "0a66afb8883368c824497fd2a1fd67bdb1a785965a3956728382c03d40747c33"
      url: "https://pub.dev"
    source: hosted
    version: "1.0.2"
  dart_rfb:
    dependency: transitive
    description:
      name: dart_rfb
      sha256: cbd2301868febdac476fcb293ed69b6e2a3223e4f6f13ff58d1b258e9b6f037f
      url: "https://pub.dev"
    source: hosted
    version: "0.7.0"
  dartssh2:
    dependency: "direct main"
    description:
      name: dartssh2
      sha256: "53a230c7dd6f487b704ceef1b29323ad64d19be89e786ccbc81e157a70417a56"
      url: "https://pub.dev"
    source: hosted
    version: "2.8.2"
  device_frame:
    dependency: transitive
    description:
      name: device_frame
      sha256: afe76182aec178d171953d9b4a50a43c57c7cf3c77d8b09a48bf30c8fa04dd9d
      url: "https://pub.dev"
    source: hosted
    version: "1.1.0"
  device_preview:
    dependency: "direct main"
    description:
      name: device_preview
      sha256: "2f097bf31b929e15e6756dbe0ec1bcb63952ab9ed51c25dc5a2c722d2b21fdaf"
      url: "https://pub.dev"
    source: hosted
    version: "1.1.0"
  dynamic_color:
    dependency: "direct main"
    description:
      name: dynamic_color
      sha256: "74dff1435a695887ca64899b8990004f8d1232b0e84bfc4faa1fdda7c6f57cc1"
      url: "https://pub.dev"
    source: hosted
    version: "1.6.5"
  equatable:
    dependency: transitive
    description:
      name: equatable
      sha256: c2b87cb7756efdf69892005af546c56c0b5037f54d2a88269b4f347a505e3ca2
      url: "https://pub.dev"
    source: hosted
    version: "2.0.5"
  fake_async:
    dependency: transitive
    description:
      name: fake_async
      sha256: "511392330127add0b769b75a987850d136345d9227c6b94c96a04cf4a391bf78"
      url: "https://pub.dev"
    source: hosted
    version: "1.3.1"
  ffi:
    dependency: transitive
    description:
      name: ffi
      sha256: ed5337a5660c506388a9f012be0288fb38b49020ce2b45fe1f8b8323fe429f99
      url: "https://pub.dev"
    source: hosted
    version: "2.0.2"
  file:
    dependency: transitive
    description:
      name: file
      sha256: "1b92bec4fc2a72f59a8e15af5f52cd441e4a7860b49499d69dfa817af20e925d"
      url: "https://pub.dev"
    source: hosted
    version: "6.1.4"
  flutter:
    dependency: "direct main"
    description: flutter
    source: sdk
    version: "0.0.0"
  flutter_boost:
    dependency: "direct main"
    description:
      path: "."
      ref: "4.3.0"
      resolved-ref: "0c3e97f80496fbfca9cf97451bc060a6d7e72578"
      url: "https://github.com/alibaba/flutter_boost.git"
    source: git
    version: "3.0.0"
  flutter_lints:
    dependency: "direct dev"
    description:
      name: flutter_lints
      sha256: aeb0b80a8b3709709c9cc496cdc027c5b3216796bc0af0ce1007eaf24464fd4c
      url: "https://pub.dev"
    source: hosted
    version: "2.0.1"
  flutter_localizations:
    dependency: transitive
    description: flutter
    source: sdk
    version: "0.0.0"
  flutter_pty:
    dependency: "direct main"
    description:
      name: flutter_pty
      sha256: "1f3114f125e4c447866511560818d6ac368471712cc952a25b5a06586aa80b64"
      url: "https://pub.dev"
    source: hosted
    version: "0.3.1"
  flutter_rfb:
    dependency: "direct main"
    description:
      name: flutter_rfb
      sha256: "8982187776b9638152ac0689f6ccabf6cacdb5ffd37bb018609b9ca0e9f4f5ea"
      url: "https://pub.dev"
    source: hosted
    version: "0.6.2"
  flutter_test:
    dependency: "direct dev"
    description: flutter
    source: sdk
    version: "0.0.0"
  flutter_web_plugins:
    dependency: transitive
    description: flutter
    source: sdk
    version: "0.0.0"
  fpdart:
    dependency: transitive
    description:
      name: fpdart
      sha256: "21053522d5a97347737525c84e8839340a0af3c0ef592f98fac37380fdd6a57b"
      url: "https://pub.dev"
    source: hosted
    version: "0.4.1"
  freezed_annotation:
    dependency: transitive
    description:
      name: freezed_annotation
      sha256: aeac15850ef1b38ee368d4c53ba9a847e900bb2c53a4db3f6881cbb3cb684338
      url: "https://pub.dev"
    source: hosted
    version: "2.2.0"
  intl:
    dependency: transitive
    description:
      name: intl
      sha256: a3715e3bc90294e971cb7dc063fbf3cd9ee0ebf8604ffeafabd9e6f16abbdbe6
      url: "https://pub.dev"
    source: hosted
    version: "0.18.0"
  js:
    dependency: transitive
    description:
      name: js
      sha256: f2c445dce49627136094980615a031419f7f3eb393237e4ecd97ac15dea343f3
      url: "https://pub.dev"
    source: hosted
    version: "0.6.7"
  json_annotation:
    dependency: transitive
    description:
      name: json_annotation
      sha256: b10a7b2ff83d83c777edba3c6a0f97045ddadd56c944e1a23a3fdf43a1bf4467
      url: "https://pub.dev"
    source: hosted
    version: "4.8.1"
  lints:
    dependency: transitive
    description:
      name: lints
      sha256: "0a217c6c989d21039f1498c3ed9f3ed71b354e69873f13a8dfc3c9fe76f1b452"
      url: "https://pub.dev"
    source: hosted
    version: "2.1.1"
  logging:
    dependency: transitive
    description:
      name: logging
      sha256: "623a88c9594aa774443aa3eb2d41807a48486b5613e67599fb4c41c0ad47c340"
      url: "https://pub.dev"
    source: hosted
    version: "1.2.0"
  matan:
    dependency: transitive
    description:
      name: matan
      sha256: "41e73fe0cd0e20ff22f4cdfdb66b1a02149e80b918fc43f3dc453ca5fb67830c"
      url: "https://pub.dev"
    source: hosted
    version: "1.0.0"
  matcher:
    dependency: transitive
    description:
      name: matcher
      sha256: "6501fbd55da300384b768785b83e5ce66991266cec21af89ab9ae7f5ce1c4cbb"
      url: "https://pub.dev"
    source: hosted
    version: "0.12.15"
  material_color_utilities:
    dependency: transitive
    description:
      name: material_color_utilities
      sha256: d92141dc6fe1dad30722f9aa826c7fbc896d021d792f80678280601aff8cf724
      url: "https://pub.dev"
    source: hosted
    version: "0.2.0"
  meta:
    dependency: transitive
    description:
      name: meta
      sha256: "3c74dbf8763d36539f114c799d8a2d87343b5067e9d796ca22b5eb8437090ee3"
      url: "https://pub.dev"
    source: hosted
    version: "1.9.1"
  nested:
    dependency: transitive
    description:
      name: nested
      sha256: "03bac4c528c64c95c722ec99280375a6f2fc708eec17c7b3f07253b626cd2a20"
      url: "https://pub.dev"
    source: hosted
    version: "1.0.0"
  path:
    dependency: transitive
    description:
      name: path
      sha256: "8829d8a55c13fc0e37127c29fedf290c102f4e40ae94ada574091fe0ff96c917"
      url: "https://pub.dev"
    source: hosted
    version: "1.8.3"
  path_provider_linux:
    dependency: transitive
    description:
      name: path_provider_linux
      sha256: ffbb8cc9ed2c9ec0e4b7a541e56fd79b138e8f47d2fb86815f15358a349b3b57
      url: "https://pub.dev"
    source: hosted
    version: "2.1.11"
  path_provider_platform_interface:
    dependency: transitive
    description:
      name: path_provider_platform_interface
      sha256: "57585299a729335f1298b43245842678cb9f43a6310351b18fb577d6e33165ec"
      url: "https://pub.dev"
    source: hosted
    version: "2.0.6"
  path_provider_windows:
    dependency: transitive
    description:
      name: path_provider_windows
      sha256: "1cb68ba4cd3a795033de62ba1b7b4564dace301f952de6bfb3cd91b202b6ee96"
      url: "https://pub.dev"
    source: hosted
    version: "2.1.7"
  pinenacl:
    dependency: transitive
    description:
      name: pinenacl
      sha256: "3a5503637587d635647c93ea9a8fecf48a420cc7deebe6f1fc85c2a5637ab327"
      url: "https://pub.dev"
    source: hosted
    version: "0.5.1"
  platform:
    dependency: transitive
    description:
      name: platform
      sha256: "4a451831508d7d6ca779f7ac6e212b4023dd5a7d08a27a63da33756410e32b76"
      url: "https://pub.dev"
    source: hosted
    version: "3.1.0"
  platform_info:
    dependency: transitive
    description:
      name: platform_info
      sha256: "012e73712166cf0b56d3eb95c0d33491f56b428c169eca385f036448474147e4"
      url: "https://pub.dev"
    source: hosted
    version: "3.2.0"
  plugin_platform_interface:
    dependency: "direct main"
    description:
      name: plugin_platform_interface
      sha256: "6a2128648c854906c53fa8e33986fc0247a1116122f9534dd20e3ab9e16a32bc"
      url: "https://pub.dev"
    source: hosted
    version: "2.1.4"
  pointycastle:
    dependency: transitive
    description:
      name: pointycastle
      sha256: "7c1e5f0d23c9016c5bbd8b1473d0d3fb3fc851b876046039509e18e0c7485f2c"
      url: "https://pub.dev"
    source: hosted
    version: "3.7.3"
  process:
    dependency: transitive
    description:
      name: process
      sha256: "53fd8db9cec1d37b0574e12f07520d582019cb6c44abf5479a01505099a34a09"
      url: "https://pub.dev"
    source: hosted
    version: "4.2.4"
  provider:
    dependency: transitive
    description:
      name: provider
      sha256: cdbe7530b12ecd9eb455bdaa2fcb8d4dad22e80b8afb4798b41479d5ce26847f
      url: "https://pub.dev"
    source: hosted
    version: "6.0.5"
  quiver:
    dependency: transitive
    description:
      name: quiver
      sha256: b1c1ac5ce6688d77f65f3375a9abb9319b3cb32486bdc7a1e0fdf004d7ba4e47
      url: "https://pub.dev"
    source: hosted
    version: "3.2.1"
  shared_preferences:
    dependency: transitive
    description:
      name: shared_preferences
      sha256: "396f85b8afc6865182610c0a2fc470853d56499f75f7499e2a73a9f0539d23d0"
      url: "https://pub.dev"
    source: hosted
    version: "2.1.2"
  shared_preferences_android:
    dependency: transitive
    description:
      name: shared_preferences_android
      sha256: "6478c6bbbecfe9aced34c483171e90d7c078f5883558b30ec3163cf18402c749"
      url: "https://pub.dev"
    source: hosted
    version: "2.1.4"
  shared_preferences_foundation:
    dependency: transitive
    description:
      name: shared_preferences_foundation
      sha256: e014107bb79d6d3297196f4f2d0db54b5d1f85b8ea8ff63b8e8b391a02700feb
      url: "https://pub.dev"
    source: hosted
    version: "2.2.2"
  shared_preferences_linux:
    dependency: transitive
    description:
      name: shared_preferences_linux
      sha256: "9d387433ca65717bbf1be88f4d5bb18f10508917a8fa2fb02e0fd0d7479a9afa"
      url: "https://pub.dev"
    source: hosted
    version: "2.2.0"
  shared_preferences_platform_interface:
    dependency: transitive
    description:
      name: shared_preferences_platform_interface
      sha256: "23b052f17a25b90ff2b61aad4cc962154da76fb62848a9ce088efe30d7c50ab1"
      url: "https://pub.dev"
    source: hosted
    version: "2.3.0"
  shared_preferences_web:
    dependency: transitive
    description:
      name: shared_preferences_web
      sha256: "74083203a8eae241e0de4a0d597dbedab3b8fef5563f33cf3c12d7e93c655ca5"
      url: "https://pub.dev"
    source: hosted
    version: "2.1.0"
  shared_preferences_windows:
    dependency: transitive
    description:
      name: shared_preferences_windows
      sha256: "5e588e2efef56916a3b229c3bfe81e6a525665a454519ca51dbcc4236a274173"
      url: "https://pub.dev"
    source: hosted
    version: "2.2.0"
  sky_engine:
    dependency: transitive
    description: flutter
    source: sdk
    version: "0.0.99"
  source_span:
    dependency: transitive
    description:
      name: source_span
      sha256: dd904f795d4b4f3b870833847c461801f6750a9fa8e61ea5ac53f9422b31f250
      url: "https://pub.dev"
    source: hosted
    version: "1.9.1"
  stack_trace:
    dependency: transitive
    description:
      name: stack_trace
      sha256: c3c7d8edb15bee7f0f74debd4b9c5f3c2ea86766fe4178eb2a18eb30a0bdaed5
      url: "https://pub.dev"
    source: hosted
    version: "1.11.0"
  stream_channel:
    dependency: transitive
    description:
      name: stream_channel
      sha256: "83615bee9045c1d322bbbd1ba209b7a749c2cbcdcb3fdd1df8eb488b3279c1c8"
      url: "https://pub.dev"
    source: hosted
    version: "2.1.1"
  stream_transform:
    dependency: transitive
    description:
      name: stream_transform
      sha256: "14a00e794c7c11aa145a170587321aedce29769c08d7f58b1d141da75e3b1c6f"
      url: "https://pub.dev"
    source: hosted
    version: "2.1.0"
  string_scanner:
    dependency: transitive
    description:
      name: string_scanner
      sha256: "556692adab6cfa87322a115640c11f13cb77b3f076ddcc5d6ae3c20242bedcde"
      url: "https://pub.dev"
    source: hosted
    version: "1.2.0"
  term_glyph:
    dependency: transitive
    description:
      name: term_glyph
      sha256: a29248a84fbb7c79282b40b8c72a1209db169a2e0542bce341da992fe1bc7e84
      url: "https://pub.dev"
    source: hosted
    version: "1.2.1"
  test_api:
    dependency: transitive
    description:
      name: test_api
      sha256: eb6ac1540b26de412b3403a163d919ba86f6a973fe6cc50ae3541b80092fdcfb
      url: "https://pub.dev"
    source: hosted
    version: "0.5.1"
  typed_data:
    dependency: transitive
    description:
      name: typed_data
      sha256: facc8d6582f16042dd49f2463ff1bd6e2c9ef9f3d5da3d9b087e244a7b564b3c
      url: "https://pub.dev"
    source: hosted
    version: "1.3.2"
  url_strategy:
    dependency: "direct main"
    description:
      name: url_strategy
      sha256: "42b68b42a9864c4d710401add17ad06e28f1c1d5500c93b98c431f6b0ea4ab87"
      url: "https://pub.dev"
    source: hosted
    version: "0.2.0"
  vector_math:
    dependency: transitive
    description:
      name: vector_math
      sha256: "80b3257d1492ce4d091729e3a67a60407d227c27241d6927be0130c98e741803"
      url: "https://pub.dev"
    source: hosted
    version: "2.1.4"
  webview_flutter:
    dependency: "direct main"
    description:
      name: webview_flutter
      sha256: "789d52bd789373cc1e100fb634af2127e86c99cf9abde09499743270c5de8d00"
      url: "https://pub.dev"
    source: hosted
    version: "4.2.2"
  webview_flutter_android:
    dependency: transitive
    description:
      name: webview_flutter_android
      sha256: "532135f6f6b8030cd039f30eab23f340d650350e29f38e9b37d2eaad028f1018"
      url: "https://pub.dev"
    source: hosted
    version: "3.8.0"
  webview_flutter_platform_interface:
    dependency: transitive
    description:
      name: webview_flutter_platform_interface
      sha256: "656e2aeaef318900fffd21468b6ddc7958c7092a642f0e7220bac328b70d4a81"
      url: "https://pub.dev"
    source: hosted
    version: "2.3.1"
  webview_flutter_web:
    dependency: "direct main"
    description:
      name: webview_flutter_web
      sha256: "78494dd1be4b5b3070140cbdcc138b9736aa4619f00643f909da6d54f0ffc141"
      url: "https://pub.dev"
    source: hosted
    version: "0.2.2+1"
  webview_flutter_wkwebview:
    dependency: transitive
    description:
      name: webview_flutter_wkwebview
      sha256: "7b203961d6830f3e5ed1df4c4f0493fea8388a46c4d43716167c4a8ba8ecbe83"
      url: "https://pub.dev"
    source: hosted
    version: "3.6.0"
  win32:
    dependency: transitive
    description:
      name: win32
      sha256: a6f0236dbda0f63aa9a25ad1ff9a9d8a4eaaa5012da0dc59d21afdb1dc361ca4
      url: "https://pub.dev"
    source: hosted
    version: "3.1.4"
  xdg_directories:
    dependency: transitive
    description:
      name: xdg_directories
      sha256: ee1505df1426458f7f60aac270645098d318a8b4766d85fde75f76f2e21807d1
      url: "https://pub.dev"
    source: hosted
    version: "1.0.0"
  xterm:
    dependency: "direct main"
    description:
      name: xterm
      sha256: "6a02b15d03152b8186e12790902ff28c8a932fc441e89fa7255a7491661a8e69"
      url: "https://pub.dev"
    source: hosted
    version: "3.5.0"
sdks:
  dart: ">=3.0.5 <4.0.0"
  flutter: ">=3.4.0-17.0.pre"
