# Generated by pub
# See https://dart.dev/tools/pub/glossary#lockfile
packages:
  async:
    dependency: transitive
    description:
      name: async
      sha256: db4766341bd8ecb66556f31ab891a5d596ef829221993531bd64a8e6342f0cda
      url: "https://pub.mpflutter.com"
    source: hosted
    version: "2.8.2"
  characters:
    dependency: transitive
    description:
      name: characters
      sha256: "9a462645329872f11cf4709edf4ae7b092bf60d3d6b6a072a39ab18311e04bb7"
      url: "https://pub.mpflutter.com"
    source: hosted
    version: "1.1.0"
  charcode:
    dependency: transitive
    description:
      name: charcode
      sha256: fb98c0f6d12c920a02ee2d998da788bca066ca5f148492b7085ee23372b12306
      url: "https://pub.mpflutter.com"
    source: hosted
    version: "1.3.1"
  cli_dialog:
    dependency: transitive
    description:
      name: cli_dialog
      sha256: "47530e1c4a6190662954cefce196d35143c4ed2675ea697d6e542790bdef5641"
      url: "https://pub.mpflutter.com"
    source: hosted
    version: "0.5.0"
  collection:
    dependency: transitive
    description:
      name: collection
      sha256: "6d4193120997ecfd09acf0e313f13dc122b119e5eca87ef57a7d065ec9183762"
      url: "https://pub.mpflutter.com"
    source: hosted
    version: "1.15.0"
  crypto:
    dependency: transitive
    description:
      name: crypto
      sha256: cf75650c66c0316274e21d7c43d3dea246273af5955bd94e8184837cd577575c
      url: "https://pub.mpflutter.com"
    source: hosted
    version: "3.0.1"
  dart_console:
    dependency: transitive
    description:
      name: dart_console
      sha256: eba6af9ef2172df11ce49053d16b868de82684bc02123baf21bd8c9b1850a106
      url: "https://pub.mpflutter.com"
    source: hosted
    version: "1.0.0"
  ffi:
    dependency: transitive
    description:
      name: ffi
      sha256: "35d0f481d939de0d640b3db9a7aa36a52cd22054a798a73b4f50bdad5ce12678"
      url: "https://pub.mpflutter.com"
    source: hosted
    version: "1.1.2"
  file:
    dependency: transitive
    description:
      name: file
      sha256: "1b92bec4fc2a72f59a8e15af5f52cd441e4a7860b49499d69dfa817af20e925d"
      url: "https://pub.mpflutter.com"
    source: hosted
    version: "6.1.4"
  flutter:
    dependency: "direct main"
    description:
      name: flutter
      sha256: b5252b8ea8975dfb145a490535580cc1132f2b74de33c45a339af6f3ae0296e8
      url: "https://pub.mpflutter.com"
    source: hosted
    version: "1.3.0"
  flutter_web_plugins:
    dependency: "direct main"
    description:
      name: flutter_web_plugins
      sha256: bfcdbeb555f842da7b1c4b0c73fccc6b8eb49bde40fe1fdd31597f9ae94a12fa
      url: "https://pub.mpflutter.com"
    source: hosted
    version: "1.3.0"
  glob:
    dependency: transitive
    description:
      name: glob
      sha256: "4515b5b6ddb505ebdd242a5f2cc5d22d3d6a80013789debfbda7777f47ea308c"
      url: "https://pub.mpflutter.com"
    source: hosted
    version: "2.1.1"
  http:
    dependency: transitive
    description:
      name: http
      sha256: "8c76b1ebdd6a9098e917ffb56c291fbcce8e862da3a01a776a2a772122259c62"
      url: "https://pub.mpflutter.com"
    source: hosted
    version: "0.13.1"
  http_parser:
    dependency: transitive
    description:
      name: http_parser
      sha256: e362d639ba3bc07d5a71faebb98cde68c05bfbcfbbb444b60b6f60bb67719185
      url: "https://pub.mpflutter.com"
    source: hosted
    version: "4.0.0"
  meta:
    dependency: transitive
    description:
      name: meta
      sha256: "98a7492d10d7049ea129fd4e50f7cdd2d5008522b1dfa1148bbbc542b9dd21f7"
      url: "https://pub.mpflutter.com"
    source: hosted
    version: "1.3.0"
  mime_type:
    dependency: transitive
    description:
      name: mime_type
      sha256: "2ad6e67d3d2de9ac0f8ef5352d998fd103cb21351ae8c02fb0c78b079b37d275"
      url: "https://pub.mpflutter.com"
    source: hosted
    version: "1.0.0"
  mp_build_tools:
    dependency: "direct main"
    description:
      name: mp_build_tools
      sha256: db5705f48c5e41e58d5bfd87961edea3b1a3357f60b59375485d738a72c4f3ba
      url: "https://pub.mpflutter.com"
    source: hosted
    version: "1.3.0"
  mpcore:
    dependency: "direct main"
    description:
      name: mpcore
      sha256: a0ff7c6a29d758a04a5310b5f725f77f7babddf1d1efefbfdfb42ea4cd61109a
      url: "https://pub.mpflutter.com"
    source: hosted
    version: "1.3.0"
  path:
    dependency: transitive
    description:
      name: path
      sha256: "240ed0e9bd73daa2182e33c4efc68c7dd53c7c656f3da73515a2d163e151412d"
      url: "https://pub.mpflutter.com"
    source: hosted
    version: "1.8.1"
  pedantic:
    dependency: transitive
    description:
      name: pedantic
      sha256: "67fc27ed9639506c856c840ccce7594d0bdcd91bc8d53d6e52359449a1d50602"
      url: "https://pub.mpflutter.com"
    source: hosted
    version: "1.11.1"
  source_span:
    dependency: transitive
    description:
      name: source_span
      sha256: d77dbb9d0b7469d91e42d352334b2b4bbd5cec4379542f1bdb630db368c4d9f6
      url: "https://pub.mpflutter.com"
    source: hosted
    version: "1.8.2"
  string_scanner:
    dependency: transitive
    description:
      name: string_scanner
      sha256: dd11571b8a03f7cadcf91ec26a77e02bfbd6bbba2a512924d3116646b4198fc4
      url: "https://pub.mpflutter.com"
    source: hosted
    version: "1.1.0"
  term_glyph:
    dependency: transitive
    description:
      name: term_glyph
      sha256: a88162591b02c1f3a3db3af8ce1ea2b374bd75a7bb8d5e353bcfbdc79d719830
      url: "https://pub.mpflutter.com"
    source: hosted
    version: "1.2.0"
  typed_data:
    dependency: transitive
    description:
      name: typed_data
      sha256: "53bdf7e979cfbf3e28987552fd72f637e63f3c8724c9e56d9246942dc2fa36ee"
      url: "https://pub.mpflutter.com"
    source: hosted
    version: "1.3.0"
  usage:
    dependency: transitive
    description:
      name: usage
      sha256: "5ecee630efef684f48c9b9e688974cf16e746c092f4bd97d847468d036a73cbd"
      url: "https://pub.mpflutter.com"
    source: hosted
    version: "4.0.2"
  vector_math:
    dependency: transitive
    description:
      name: vector_math
      sha256: "15cdf04f64b23c2ff6b999c193cbb0c928698dc602ed73075b9562527fcb5bb5"
      url: "https://pub.mpflutter.com"
    source: hosted
    version: "2.1.0"
  vm_service:
    dependency: transitive
    description:
      name: vm_service
      sha256: "422eda09e2a50eb27fe9eca2c897d624cea7fa432a8442e1ea1a10d50a4321ab"
      url: "https://pub.mpflutter.com"
    source: hosted
    version: "6.2.0"
  watcher:
    dependency: transitive
    description:
      name: watcher
      sha256: "3d2ad6751b3c16cf07c7fca317a1413b3f26530319181b37e3b9039b84fc01d8"
      url: "https://pub.mpflutter.com"
    source: hosted
    version: "1.1.0"
  win32:
    dependency: transitive
    description:
      name: win32
      sha256: "4379fb664564ca239dcb05f6e03e27096b1e2ad09d35d89786a2f8966ecfc8a9"
      url: "https://pub.mpflutter.com"
    source: hosted
    version: "2.6.0"
sdks:
  dart: ">=3.0.0 <4.0.0"
